{
  "requires": true,
  "lockfileVersion": 1,
  "dependencies": {
    "check-leap-year": {
      "version": "1.2.0",
      "resolved": "https://registry.npmjs.org/check-leap-year/-/check-leap-year-1.2.0.tgz",
      "integrity": "sha512-r3ll7iEFkRLfmFkoh2SO9xI6iKKH+GrI3fUdCovPAnyszNwcfkppewt1PGqnxqmRCvKlurjgnicS3kPB/Wmg8A=="
    },
    "date-and-time": {
      "version": "2.0.1",
      "resolved": "https://registry.npmjs.org/date-and-time/-/date-and-time-2.0.1.tgz",
      "integrity": "sha512-O7Xe5dLaqvY/aF/MFWArsAM1J4j7w1CSZlPCX9uHgmb+6SbkPd8Q4YOvfvH/cZGvFlJFfHOZKxQtmMUOoZhc/w=="
    },
    "leap-year": {
      "version": "4.0.0",
      "resolved": "https://registry.npmjs.org/leap-year/-/leap-year-4.0.0.tgz",
      "integrity": "sha512-+GveCBnhFmRjFf04Nj/2Z/w5lNC4bRXpecIRz5QkK+LnWBwuf9jAaNEfbybrU+e2ls8J6p+FZMjiq1aEh+gPAw=="
    },
    "lodash": {
      "version": "4.17.21",
      "resolved": "https://registry.npmjs.org/lodash/-/lodash-4.17.21.tgz",
      "integrity": "sha512-v2kDEe57lecTulaDIuNTPy3Ry4gLGJ6Z1O3vE1krgXZNrsQ+LFTGHVxVjcXPs17LhbZVGedAJv8XZ1tvj5FvSg=="
    }
  }
}
